// !$*UTF8*$!
{
	archiveVersion = 1;
	classes = {
	};
	objectVersion = 51;
	objects = {

/* Begin PBXBuildFile section */
		1EEFCE22ED706A58022D4A9C /* Pods_DVSTests.framework in Frameworks */ = {isa = PBXBuildFile; fileRef = 378D0609EB2AEC1569DB9352 /* Pods_DVSTests.framework */; };
		5213353C20FF1B570064F2B3 /* Cells.swift in Sources */ = {isa = PBXBuildFile; fileRef = 5213353B20FF1B570064F2B3 /* Cells.swift */; };
		5216200321142A3500BBBB7A /* MainTabbarController.swift in Sources */ = {isa = PBXBuildFile; fileRef = 5216200221142A3500BBBB7A /* MainTabbarController.swift */; };
		528C815520FC874200FFDFDF /* DeviceStausViewController.swift in Sources */ = {isa = PBXBuildFile; fileRef = 528C815420FC874200FFDFDF /* DeviceStausViewController.swift */; };
		52C7979821399B0A007E870E /* mobile-services.json in Resources */ = {isa = PBXBuildFile; fileRef = 52C7979721399B0A007E870E /* mobile-services.json */; };
		52D0BEAC20F47D3F00D288EB /* AppDelegate.swift in Sources */ = {isa = PBXBuildFile; fileRef = 52D0BEAB20F47D3F00D288EB /* AppDelegate.swift */; };
		52D0BEB120F47D3F00D288EB /* Main.storyboard in Resources */ = {isa = PBXBuildFile; fileRef = 52D0BEAF20F47D3F00D288EB /* Main.storyboard */; };
		52D0BEB320F47D4100D288EB /* Assets.xcassets in Resources */ = {isa = PBXBuildFile; fileRef = 52D0BEB220F47D4100D288EB /* Assets.xcassets */; };
		52D0BEB620F47D4100D288EB /* LaunchScreen.storyboard in Resources */ = {isa = PBXBuildFile; fileRef = 52D0BEB420F47D4100D288EB /* LaunchScreen.storyboard */; };
		52D0BEC120F47D4100D288EB /* DVSTests.swift in Sources */ = {isa = PBXBuildFile; fileRef = 52D0BEC020F47D4100D288EB /* DVSTests.swift */; };
		52D0BECC20F47D4100D288EB /* DVSUITests.swift in Sources */ = {isa = PBXBuildFile; fileRef = 52D0BECB20F47D4100D288EB /* DVSUITests.swift */; };
		B808033722A1404D001E8EB1 /* Constants.swift in Sources */ = {isa = PBXBuildFile; fileRef = B808033622A1404D001E8EB1 /* Constants.swift */; };
		B80AEE3322AF8DCA004DDC0C /* ProfileTest.swift in Sources */ = {isa = PBXBuildFile; fileRef = B80AEE3222AF8DCA004DDC0C /* ProfileTest.swift */; };
		B80AEE3522AF8DE7004DDC0C /* VerifyImeiTest.swift in Sources */ = {isa = PBXBuildFile; fileRef = B80AEE3422AF8DE7004DDC0C /* VerifyImeiTest.swift */; };
		B80AEE3722AF8DFF004DDC0C /* SubcribeTest.swift in Sources */ = {isa = PBXBuildFile; fileRef = B80AEE3622AF8DFF004DDC0C /* SubcribeTest.swift */; };
		B80AEE3922AF8E17004DDC0C /* PairedTest.swift in Sources */ = {isa = PBXBuildFile; fileRef = B80AEE3822AF8E17004DDC0C /* PairedTest.swift */; };
		B80AEE3B22AF8ECA004DDC0C /* DeviceStatusTest.swift in Sources */ = {isa = PBXBuildFile; fileRef = B80AEE3A22AF8ECA004DDC0C /* DeviceStatusTest.swift */; };
		B8245887229BDD27002210F7 /* PairedPresenter.swift in Sources */ = {isa = PBXBuildFile; fileRef = B8245881229BDD27002210F7 /* PairedPresenter.swift */; };
		B8245888229BDD27002210F7 /* PairedWorker.swift in Sources */ = {isa = PBXBuildFile; fileRef = B8245882229BDD27002210F7 /* PairedWorker.swift */; };
		B8245889229BDD27002210F7 /* PairedRouter.swift in Sources */ = {isa = PBXBuildFile; fileRef = B8245883229BDD27002210F7 /* PairedRouter.swift */; };
		B824588A229BDD27002210F7 /* PairedModels.swift in Sources */ = {isa = PBXBuildFile; fileRef = B8245884229BDD27002210F7 /* PairedModels.swift */; };
		B824588B229BDD27002210F7 /* PairedViewController.swift in Sources */ = {isa = PBXBuildFile; fileRef = B8245885229BDD27002210F7 /* PairedViewController.swift */; };
		B824588C229BDD27002210F7 /* PairedInteractor.swift in Sources */ = {isa = PBXBuildFile; fileRef = B8245886229BDD27002210F7 /* PairedInteractor.swift */; };
		B8245893229BDD41002210F7 /* SubcribePresenter.swift in Sources */ = {isa = PBXBuildFile; fileRef = B824588D229BDD41002210F7 /* SubcribePresenter.swift */; };
		B8245894229BDD41002210F7 /* SubcribeWorker.swift in Sources */ = {isa = PBXBuildFile; fileRef = B824588E229BDD41002210F7 /* SubcribeWorker.swift */; };
		B8245895229BDD41002210F7 /* SubcribeRouter.swift in Sources */ = {isa = PBXBuildFile; fileRef = B824588F229BDD41002210F7 /* SubcribeRouter.swift */; };
		B8245896229BDD41002210F7 /* SubcribeModels.swift in Sources */ = {isa = PBXBuildFile; fileRef = B8245890229BDD41002210F7 /* SubcribeModels.swift */; };
		B8245897229BDD41002210F7 /* SubcribeViewController.swift in Sources */ = {isa = PBXBuildFile; fileRef = B8245891229BDD41002210F7 /* SubcribeViewController.swift */; };
		B8245898229BDD41002210F7 /* SubcribeInteractor.swift in Sources */ = {isa = PBXBuildFile; fileRef = B8245892229BDD41002210F7 /* SubcribeInteractor.swift */; };
		B825EA08228D4F850081E305 /* ProfilePresenter.swift in Sources */ = {isa = PBXBuildFile; fileRef = B825EA02228D4F850081E305 /* ProfilePresenter.swift */; };
		B825EA09228D4F850081E305 /* ProfileWorker.swift in Sources */ = {isa = PBXBuildFile; fileRef = B825EA03228D4F850081E305 /* ProfileWorker.swift */; };
		B825EA0A228D4F850081E305 /* ProfileRouter.swift in Sources */ = {isa = PBXBuildFile; fileRef = B825EA04228D4F850081E305 /* ProfileRouter.swift */; };
		B825EA0B228D4F850081E305 /* ProfileModels.swift in Sources */ = {isa = PBXBuildFile; fileRef = B825EA05228D4F850081E305 /* ProfileModels.swift */; };
		B825EA0C228D4F850081E305 /* ProfileViewController.swift in Sources */ = {isa = PBXBuildFile; fileRef = B825EA06228D4F850081E305 /* ProfileViewController.swift */; };
		B825EA0D228D4F850081E305 /* ProfileInteractor.swift in Sources */ = {isa = PBXBuildFile; fileRef = B825EA07228D4F850081E305 /* ProfileInteractor.swift */; };
		B828828C22926F810041DCDB /* TabBarPresenter.swift in Sources */ = {isa = PBXBuildFile; fileRef = B828828622926F810041DCDB /* TabBarPresenter.swift */; };
		B828828D22926F810041DCDB /* TabBarWorker.swift in Sources */ = {isa = PBXBuildFile; fileRef = B828828722926F810041DCDB /* TabBarWorker.swift */; };
		B828828E22926F810041DCDB /* TabBarRouter.swift in Sources */ = {isa = PBXBuildFile; fileRef = B828828822926F810041DCDB /* TabBarRouter.swift */; };
		B828828F22926F810041DCDB /* TabBarModels.swift in Sources */ = {isa = PBXBuildFile; fileRef = B828828922926F810041DCDB /* TabBarModels.swift */; };
		B828829022926F810041DCDB /* TabBarViewController.swift in Sources */ = {isa = PBXBuildFile; fileRef = B828828A22926F810041DCDB /* TabBarViewController.swift */; };
		B828829122926F810041DCDB /* TabBarInteractor.swift in Sources */ = {isa = PBXBuildFile; fileRef = B828828B22926F810041DCDB /* TabBarInteractor.swift */; };
		B8551419228C166600D205DB /* LoginPresenter.swift in Sources */ = {isa = PBXBuildFile; fileRef = B8551413228C166600D205DB /* LoginPresenter.swift */; };
		B855141A228C166600D205DB /* LoginWorker.swift in Sources */ = {isa = PBXBuildFile; fileRef = B8551414228C166600D205DB /* LoginWorker.swift */; };
		B855141B228C166600D205DB /* LoginRouter.swift in Sources */ = {isa = PBXBuildFile; fileRef = B8551415228C166600D205DB /* LoginRouter.swift */; };
		B855141C228C166600D205DB /* LoginModels.swift in Sources */ = {isa = PBXBuildFile; fileRef = B8551416228C166600D205DB /* LoginModels.swift */; };
		B855141D228C166600D205DB /* LoginViewController.swift in Sources */ = {isa = PBXBuildFile; fileRef = B8551417228C166600D205DB /* LoginViewController.swift */; };
		B855141E228C166600D205DB /* LoginInteractor.swift in Sources */ = {isa = PBXBuildFile; fileRef = B8551418228C166600D205DB /* LoginInteractor.swift */; };
		B8ADCB80228D3799009143B4 /* VerifyImeiPresenter.swift in Sources */ = {isa = PBXBuildFile; fileRef = B8ADCB7A228D3799009143B4 /* VerifyImeiPresenter.swift */; };
		B8ADCB81228D3799009143B4 /* VerifyImeiWorker.swift in Sources */ = {isa = PBXBuildFile; fileRef = B8ADCB7B228D3799009143B4 /* VerifyImeiWorker.swift */; };
		B8ADCB82228D3799009143B4 /* VerifyImeiRouter.swift in Sources */ = {isa = PBXBuildFile; fileRef = B8ADCB7C228D3799009143B4 /* VerifyImeiRouter.swift */; };
		B8ADCB83228D3799009143B4 /* VerifyImeiModels.swift in Sources */ = {isa = PBXBuildFile; fileRef = B8ADCB7D228D3799009143B4 /* VerifyImeiModels.swift */; };
		B8ADCB84228D3799009143B4 /* VerifyImeiViewController.swift in Sources */ = {isa = PBXBuildFile; fileRef = B8ADCB7E228D3799009143B4 /* VerifyImeiViewController.swift */; };
		B8ADCB85228D3799009143B4 /* VerifyImeiInteractor.swift in Sources */ = {isa = PBXBuildFile; fileRef = B8ADCB7F228D3799009143B4 /* VerifyImeiInteractor.swift */; };
		B8B39DC022B3C14700B9074F /* profileCell.swift in Sources */ = {isa = PBXBuildFile; fileRef = B8B39DBF22B3C14700B9074F /* profileCell.swift */; };
		B8D4C50A22E9ACA30083263E /* Localizable.strings in Resources */ = {isa = PBXBuildFile; fileRef = B8D4C50C22E9ACA30083263E /* Localizable.strings */; };
		BA68AFF76FC5D6A631479213 /* Pods_DVS.framework in Frameworks */ = {isa = PBXBuildFile; fileRef = 941D31D4C15AD6DFC8722AEA /* Pods_DVS.framework */; };
		CA2DAC6279B93ED678FF8665 /* Pods_DVSUITests.framework in Frameworks */ = {isa = PBXBuildFile; fileRef = FB69E1CD9851F27CD4ED6F1E /* Pods_DVSUITests.framework */; };
/* End PBXBuildFile section */

/* Begin PBXContainerItemProxy section */
		52D0BEBD20F47D4100D288EB /* PBXContainerItemProxy */ = {
			isa = PBXContainerItemProxy;
			containerPortal = 52D0BEA020F47D3E00D288EB /* Project object */;
			proxyType = 1;
			remoteGlobalIDString = 52D0BEA720F47D3E00D288EB;
			remoteInfo = DVS;
		};
		52D0BEC820F47D4100D288EB /* PBXContainerItemProxy */ = {
			isa = PBXContainerItemProxy;
			containerPortal = 52D0BEA020F47D3E00D288EB /* Project object */;
			proxyType = 1;
			remoteGlobalIDString = 52D0BEA720F47D3E00D288EB;
			remoteInfo = DVS;
		};
/* End PBXContainerItemProxy section */

/* Begin PBXFileReference section */
		0A0D186A79C06206915A86DC /* Pods-DVSUITests.release.xcconfig */ = {isa = PBXFileReference; includeInIndex = 1; lastKnownFileType = text.xcconfig; name = "Pods-DVSUITests.release.xcconfig"; path = "Pods/Target Support Files/Pods-DVSUITests/Pods-DVSUITests.release.xcconfig"; sourceTree = "<group>"; };
		378D0609EB2AEC1569DB9352 /* Pods_DVSTests.framework */ = {isa = PBXFileReference; explicitFileType = wrapper.framework; includeInIndex = 0; path = Pods_DVSTests.framework; sourceTree = BUILT_PRODUCTS_DIR; };
		478E2D42889D6D83D9FAF74D /* Pods-DVSUITests.debug.xcconfig */ = {isa = PBXFileReference; includeInIndex = 1; lastKnownFileType = text.xcconfig; name = "Pods-DVSUITests.debug.xcconfig"; path = "Pods/Target Support Files/Pods-DVSUITests/Pods-DVSUITests.debug.xcconfig"; sourceTree = "<group>"; };
		5213353B20FF1B570064F2B3 /* Cells.swift */ = {isa = PBXFileReference; lastKnownFileType = sourcecode.swift; path = Cells.swift; sourceTree = "<group>"; };
		5216200221142A3500BBBB7A /* MainTabbarController.swift */ = {isa = PBXFileReference; lastKnownFileType = sourcecode.swift; path = MainTabbarController.swift; sourceTree = "<group>"; };
		528C815420FC874200FFDFDF /* DeviceStausViewController.swift */ = {isa = PBXFileReference; lastKnownFileType = sourcecode.swift; path = DeviceStausViewController.swift; sourceTree = "<group>"; };
		52C7979721399B0A007E870E /* mobile-services.json */ = {isa = PBXFileReference; lastKnownFileType = text.json; path = "mobile-services.json"; sourceTree = "<group>"; };
		52D0BEA820F47D3E00D288EB /* DVS.app */ = {isa = PBXFileReference; explicitFileType = wrapper.application; includeInIndex = 0; path = DVS.app; sourceTree = BUILT_PRODUCTS_DIR; };
		52D0BEAB20F47D3F00D288EB /* AppDelegate.swift */ = {isa = PBXFileReference; lastKnownFileType = sourcecode.swift; path = AppDelegate.swift; sourceTree = "<group>"; };
		52D0BEB220F47D4100D288EB /* Assets.xcassets */ = {isa = PBXFileReference; lastKnownFileType = folder.assetcatalog; path = Assets.xcassets; sourceTree = "<group>"; };
		52D0BEB720F47D4100D288EB /* Info.plist */ = {isa = PBXFileReference; lastKnownFileType = text.plist.xml; path = Info.plist; sourceTree = "<group>"; };
		52D0BEBC20F47D4100D288EB /* DVSTests.xctest */ = {isa = PBXFileReference; explicitFileType = wrapper.cfbundle; includeInIndex = 0; path = DVSTests.xctest; sourceTree = BUILT_PRODUCTS_DIR; };
		52D0BEC020F47D4100D288EB /* DVSTests.swift */ = {isa = PBXFileReference; lastKnownFileType = sourcecode.swift; path = DVSTests.swift; sourceTree = "<group>"; };
		52D0BEC220F47D4100D288EB /* Info.plist */ = {isa = PBXFileReference; lastKnownFileType = text.plist.xml; path = Info.plist; sourceTree = "<group>"; };
		52D0BEC720F47D4100D288EB /* DVSUITests.xctest */ = {isa = PBXFileReference; explicitFileType = wrapper.cfbundle; includeInIndex = 0; path = DVSUITests.xctest; sourceTree = BUILT_PRODUCTS_DIR; };
		52D0BECB20F47D4100D288EB /* DVSUITests.swift */ = {isa = PBXFileReference; lastKnownFileType = sourcecode.swift; path = DVSUITests.swift; sourceTree = "<group>"; };
		52D0BECD20F47D4100D288EB /* Info.plist */ = {isa = PBXFileReference; lastKnownFileType = text.plist.xml; path = Info.plist; sourceTree = "<group>"; };
		8029F9BDAACFB88423E24543 /* Pods-DVSTests.release.xcconfig */ = {isa = PBXFileReference; includeInIndex = 1; lastKnownFileType = text.xcconfig; name = "Pods-DVSTests.release.xcconfig"; path = "Pods/Target Support Files/Pods-DVSTests/Pods-DVSTests.release.xcconfig"; sourceTree = "<group>"; };
		909415C46010CE006E47E627 /* Pods-DVSTests.debug.xcconfig */ = {isa = PBXFileReference; includeInIndex = 1; lastKnownFileType = text.xcconfig; name = "Pods-DVSTests.debug.xcconfig"; path = "Pods/Target Support Files/Pods-DVSTests/Pods-DVSTests.debug.xcconfig"; sourceTree = "<group>"; };
		941D31D4C15AD6DFC8722AEA /* Pods_DVS.framework */ = {isa = PBXFileReference; explicitFileType = wrapper.framework; includeInIndex = 0; path = Pods_DVS.framework; sourceTree = BUILT_PRODUCTS_DIR; };
		B808033622A1404D001E8EB1 /* Constants.swift */ = {isa = PBXFileReference; lastKnownFileType = sourcecode.swift; path = Constants.swift; sourceTree = "<group>"; };
		B80AEE3222AF8DCA004DDC0C /* ProfileTest.swift */ = {isa = PBXFileReference; lastKnownFileType = sourcecode.swift; path = ProfileTest.swift; sourceTree = "<group>"; };
		B80AEE3422AF8DE7004DDC0C /* VerifyImeiTest.swift */ = {isa = PBXFileReference; lastKnownFileType = sourcecode.swift; path = VerifyImeiTest.swift; sourceTree = "<group>"; };
		B80AEE3622AF8DFF004DDC0C /* SubcribeTest.swift */ = {isa = PBXFileReference; lastKnownFileType = sourcecode.swift; path = SubcribeTest.swift; sourceTree = "<group>"; };
		B80AEE3822AF8E17004DDC0C /* PairedTest.swift */ = {isa = PBXFileReference; lastKnownFileType = sourcecode.swift; path = PairedTest.swift; sourceTree = "<group>"; };
		B80AEE3A22AF8ECA004DDC0C /* DeviceStatusTest.swift */ = {isa = PBXFileReference; lastKnownFileType = sourcecode.swift; path = DeviceStatusTest.swift; sourceTree = "<group>"; };
		B8245881229BDD27002210F7 /* PairedPresenter.swift */ = {isa = PBXFileReference; lastKnownFileType = sourcecode.swift; path = PairedPresenter.swift; sourceTree = "<group>"; };
		B8245882229BDD27002210F7 /* PairedWorker.swift */ = {isa = PBXFileReference; lastKnownFileType = sourcecode.swift; path = PairedWorker.swift; sourceTree = "<group>"; };
		B8245883229BDD27002210F7 /* PairedRouter.swift */ = {isa = PBXFileReference; lastKnownFileType = sourcecode.swift; path = PairedRouter.swift; sourceTree = "<group>"; };
		B8245884229BDD27002210F7 /* PairedModels.swift */ = {isa = PBXFileReference; lastKnownFileType = sourcecode.swift; path = PairedModels.swift; sourceTree = "<group>"; };
		B8245885229BDD27002210F7 /* PairedViewController.swift */ = {isa = PBXFileReference; lastKnownFileType = sourcecode.swift; path = PairedViewController.swift; sourceTree = "<group>"; };
		B8245886229BDD27002210F7 /* PairedInteractor.swift */ = {isa = PBXFileReference; lastKnownFileType = sourcecode.swift; path = PairedInteractor.swift; sourceTree = "<group>"; };
		B824588D229BDD41002210F7 /* SubcribePresenter.swift */ = {isa = PBXFileReference; lastKnownFileType = sourcecode.swift; path = SubcribePresenter.swift; sourceTree = "<group>"; };
		B824588E229BDD41002210F7 /* SubcribeWorker.swift */ = {isa = PBXFileReference; lastKnownFileType = sourcecode.swift; path = SubcribeWorker.swift; sourceTree = "<group>"; };
		B824588F229BDD41002210F7 /* SubcribeRouter.swift */ = {isa = PBXFileReference; lastKnownFileType = sourcecode.swift; path = SubcribeRouter.swift; sourceTree = "<group>"; };
		B8245890229BDD41002210F7 /* SubcribeModels.swift */ = {isa = PBXFileReference; lastKnownFileType = sourcecode.swift; path = SubcribeModels.swift; sourceTree = "<group>"; };
		B8245891229BDD41002210F7 /* SubcribeViewController.swift */ = {isa = PBXFileReference; lastKnownFileType = sourcecode.swift; path = SubcribeViewController.swift; sourceTree = "<group>"; };
		B8245892229BDD41002210F7 /* SubcribeInteractor.swift */ = {isa = PBXFileReference; lastKnownFileType = sourcecode.swift; path = SubcribeInteractor.swift; sourceTree = "<group>"; };
		B825EA02228D4F850081E305 /* ProfilePresenter.swift */ = {isa = PBXFileReference; lastKnownFileType = sourcecode.swift; path = ProfilePresenter.swift; sourceTree = "<group>"; };
		B825EA03228D4F850081E305 /* ProfileWorker.swift */ = {isa = PBXFileReference; lastKnownFileType = sourcecode.swift; path = ProfileWorker.swift; sourceTree = "<group>"; };
		B825EA04228D4F850081E305 /* ProfileRouter.swift */ = {isa = PBXFileReference; lastKnownFileType = sourcecode.swift; path = ProfileRouter.swift; sourceTree = "<group>"; };
		B825EA05228D4F850081E305 /* ProfileModels.swift */ = {isa = PBXFileReference; lastKnownFileType = sourcecode.swift; path = ProfileModels.swift; sourceTree = "<group>"; };
		B825EA06228D4F850081E305 /* ProfileViewController.swift */ = {isa = PBXFileReference; lastKnownFileType = sourcecode.swift; path = ProfileViewController.swift; sourceTree = "<group>"; };
		B825EA07228D4F850081E305 /* ProfileInteractor.swift */ = {isa = PBXFileReference; lastKnownFileType = sourcecode.swift; path = ProfileInteractor.swift; sourceTree = "<group>"; };
		B828828622926F810041DCDB /* TabBarPresenter.swift */ = {isa = PBXFileReference; lastKnownFileType = sourcecode.swift; path = TabBarPresenter.swift; sourceTree = "<group>"; };
		B828828722926F810041DCDB /* TabBarWorker.swift */ = {isa = PBXFileReference; lastKnownFileType = sourcecode.swift; path = TabBarWorker.swift; sourceTree = "<group>"; };
		B828828822926F810041DCDB /* TabBarRouter.swift */ = {isa = PBXFileReference; lastKnownFileType = sourcecode.swift; path = TabBarRouter.swift; sourceTree = "<group>"; };
		B828828922926F810041DCDB /* TabBarModels.swift */ = {isa = PBXFileReference; lastKnownFileType = sourcecode.swift; path = TabBarModels.swift; sourceTree = "<group>"; };
		B828828A22926F810041DCDB /* TabBarViewController.swift */ = {isa = PBXFileReference; lastKnownFileType = sourcecode.swift; path = TabBarViewController.swift; sourceTree = "<group>"; };
		B828828B22926F810041DCDB /* TabBarInteractor.swift */ = {isa = PBXFileReference; lastKnownFileType = sourcecode.swift; path = TabBarInteractor.swift; sourceTree = "<group>"; };
		B8551413228C166600D205DB /* LoginPresenter.swift */ = {isa = PBXFileReference; lastKnownFileType = sourcecode.swift; path = LoginPresenter.swift; sourceTree = "<group>"; };
		B8551414228C166600D205DB /* LoginWorker.swift */ = {isa = PBXFileReference; lastKnownFileType = sourcecode.swift; path = LoginWorker.swift; sourceTree = "<group>"; };
		B8551415228C166600D205DB /* LoginRouter.swift */ = {isa = PBXFileReference; lastKnownFileType = sourcecode.swift; path = LoginRouter.swift; sourceTree = "<group>"; };
		B8551416228C166600D205DB /* LoginModels.swift */ = {isa = PBXFileReference; lastKnownFileType = sourcecode.swift; path = LoginModels.swift; sourceTree = "<group>"; };
		B8551417228C166600D205DB /* LoginViewController.swift */ = {isa = PBXFileReference; lastKnownFileType = sourcecode.swift; path = LoginViewController.swift; sourceTree = "<group>"; };
		B8551418228C166600D205DB /* LoginInteractor.swift */ = {isa = PBXFileReference; lastKnownFileType = sourcecode.swift; path = LoginInteractor.swift; sourceTree = "<group>"; };
		B8ADCB7A228D3799009143B4 /* VerifyImeiPresenter.swift */ = {isa = PBXFileReference; lastKnownFileType = sourcecode.swift; path = VerifyImeiPresenter.swift; sourceTree = "<group>"; };
		B8ADCB7B228D3799009143B4 /* VerifyImeiWorker.swift */ = {isa = PBXFileReference; lastKnownFileType = sourcecode.swift; path = VerifyImeiWorker.swift; sourceTree = "<group>"; };
		B8ADCB7C228D3799009143B4 /* VerifyImeiRouter.swift */ = {isa = PBXFileReference; lastKnownFileType = sourcecode.swift; path = VerifyImeiRouter.swift; sourceTree = "<group>"; };
		B8ADCB7D228D3799009143B4 /* VerifyImeiModels.swift */ = {isa = PBXFileReference; lastKnownFileType = sourcecode.swift; path = VerifyImeiModels.swift; sourceTree = "<group>"; };
		B8ADCB7E228D3799009143B4 /* VerifyImeiViewController.swift */ = {isa = PBXFileReference; lastKnownFileType = sourcecode.swift; path = VerifyImeiViewController.swift; sourceTree = "<group>"; };
		B8ADCB7F228D3799009143B4 /* VerifyImeiInteractor.swift */ = {isa = PBXFileReference; lastKnownFileType = sourcecode.swift; path = VerifyImeiInteractor.swift; sourceTree = "<group>"; };
		B8B39DBF22B3C14700B9074F /* profileCell.swift */ = {isa = PBXFileReference; lastKnownFileType = sourcecode.swift; path = profileCell.swift; sourceTree = "<group>"; };
		B8D4C50622E9AC520083263E /* en */ = {isa = PBXFileReference; lastKnownFileType = text.plist.strings; name = en; path = en.lproj/Main.strings; sourceTree = "<group>"; };
		B8D4C50722E9AC520083263E /* en */ = {isa = PBXFileReference; lastKnownFileType = text.plist.strings; name = en; path = en.lproj/LaunchScreen.strings; sourceTree = "<group>"; };
		B8D4C50B22E9ACA30083263E /* en */ = {isa = PBXFileReference; lastKnownFileType = text.plist.strings; name = en; path = en.lproj/Localizable.strings; sourceTree = "<group>"; };
		B8F6C70B22B0DBCE00AE5538 /* Base */ = {isa = PBXFileReference; lastKnownFileType = file.storyboard; name = Base; path = Base.lproj/Main.storyboard; sourceTree = "<group>"; };
		B8F6C70C22B0DBCE00AE5538 /* Base */ = {isa = PBXFileReference; lastKnownFileType = file.storyboard; name = Base; path = Base.lproj/LaunchScreen.storyboard; sourceTree = "<group>"; };
		BF7004A80F2CED1B6653F613 /* Pods-DVS.release.xcconfig */ = {isa = PBXFileReference; includeInIndex = 1; lastKnownFileType = text.xcconfig; name = "Pods-DVS.release.xcconfig"; path = "Pods/Target Support Files/Pods-DVS/Pods-DVS.release.xcconfig"; sourceTree = "<group>"; };
		FB69E1CD9851F27CD4ED6F1E /* Pods_DVSUITests.framework */ = {isa = PBXFileReference; explicitFileType = wrapper.framework; includeInIndex = 0; path = Pods_DVSUITests.framework; sourceTree = BUILT_PRODUCTS_DIR; };
		FB71E2F2FD5A2D95915FE24B /* Pods-DVS.debug.xcconfig */ = {isa = PBXFileReference; includeInIndex = 1; lastKnownFileType = text.xcconfig; name = "Pods-DVS.debug.xcconfig"; path = "Pods/Target Support Files/Pods-DVS/Pods-DVS.debug.xcconfig"; sourceTree = "<group>"; };
/* End PBXFileReference section */

/* Begin PBXFrameworksBuildPhase section */
		52D0BEA520F47D3E00D288EB /* Frameworks */ = {
			isa = PBXFrameworksBuildPhase;
			buildActionMask = 2147483647;
			files = (
				BA68AFF76FC5D6A631479213 /* Pods_DVS.framework in Frameworks */,
			);
			runOnlyForDeploymentPostprocessing = 0;
		};
		52D0BEB920F47D4100D288EB /* Frameworks */ = {
			isa = PBXFrameworksBuildPhase;
			buildActionMask = 2147483647;
			files = (
				1EEFCE22ED706A58022D4A9C /* Pods_DVSTests.framework in Frameworks */,
			);
			runOnlyForDeploymentPostprocessing = 0;
		};
		52D0BEC420F47D4100D288EB /* Frameworks */ = {
			isa = PBXFrameworksBuildPhase;
			buildActionMask = 2147483647;
			files = (
				CA2DAC6279B93ED678FF8665 /* Pods_DVSUITests.framework in Frameworks */,
			);
			runOnlyForDeploymentPostprocessing = 0;
		};
/* End PBXFrameworksBuildPhase section */

/* Begin PBXGroup section */
		4B6BD0317294906857B8159E /* Pods */ = {
			isa = PBXGroup;
			children = (
				FB71E2F2FD5A2D95915FE24B /* Pods-DVS.debug.xcconfig */,
				BF7004A80F2CED1B6653F613 /* Pods-DVS.release.xcconfig */,
				909415C46010CE006E47E627 /* Pods-DVSTests.debug.xcconfig */,
				8029F9BDAACFB88423E24543 /* Pods-DVSTests.release.xcconfig */,
				478E2D42889D6D83D9FAF74D /* Pods-DVSUITests.debug.xcconfig */,
				0A0D186A79C06206915A86DC /* Pods-DVSUITests.release.xcconfig */,
			);
			name = Pods;
			sourceTree = "<group>";
		};
		52D0BE9F20F47D3E00D288EB = {
			isa = PBXGroup;
			children = (
				52D0BEAA20F47D3E00D288EB /* DVS */,
				52D0BEBF20F47D4100D288EB /* DVSTests */,
				52D0BECA20F47D4100D288EB /* DVSUITests */,
				52D0BEA920F47D3E00D288EB /* Products */,
				4B6BD0317294906857B8159E /* Pods */,
				DB4D121607F2B0E59D37D1D4 /* Frameworks */,
			);
			sourceTree = "<group>";
		};
		52D0BEA920F47D3E00D288EB /* Products */ = {
			isa = PBXGroup;
			children = (
				52D0BEA820F47D3E00D288EB /* DVS.app */,
				52D0BEBC20F47D4100D288EB /* DVSTests.xctest */,
				52D0BEC720F47D4100D288EB /* DVSUITests.xctest */,
			);
			name = Products;
			sourceTree = "<group>";
		};
		52D0BEAA20F47D3E00D288EB /* DVS */ = {
			isa = PBXGroup;
			children = (
				B8551405228BF11A00D205DB /* Scenes */,
				B87D5AB2229530AC00FFD603 /* ViewControllers */,
				B808032D22A12660001E8EB1 /* Supported Files */,
				52D0BEAB20F47D3F00D288EB /* AppDelegate.swift */,
				52D0BEAF20F47D3F00D288EB /* Main.storyboard */,
				52C7979721399B0A007E870E /* mobile-services.json */,
				52D0BEB220F47D4100D288EB /* Assets.xcassets */,
				52D0BEB420F47D4100D288EB /* LaunchScreen.storyboard */,
				52D0BEB720F47D4100D288EB /* Info.plist */,
				B8D4C50C22E9ACA30083263E /* Localizable.strings */,
			);
			path = DVS;
			sourceTree = "<group>";
		};
		52D0BEBF20F47D4100D288EB /* DVSTests */ = {
			isa = PBXGroup;
			children = (
				52D0BEC020F47D4100D288EB /* DVSTests.swift */,
				52D0BEC220F47D4100D288EB /* Info.plist */,
				B80AEE3222AF8DCA004DDC0C /* ProfileTest.swift */,
				B80AEE3422AF8DE7004DDC0C /* VerifyImeiTest.swift */,
				B80AEE3622AF8DFF004DDC0C /* SubcribeTest.swift */,
				B80AEE3822AF8E17004DDC0C /* PairedTest.swift */,
				B80AEE3A22AF8ECA004DDC0C /* DeviceStatusTest.swift */,
			);
			path = DVSTests;
			sourceTree = "<group>";
		};
		52D0BECA20F47D4100D288EB /* DVSUITests */ = {
			isa = PBXGroup;
			children = (
				52D0BECB20F47D4100D288EB /* DVSUITests.swift */,
				52D0BECD20F47D4100D288EB /* Info.plist */,
			);
			path = DVSUITests;
			sourceTree = "<group>";
		};
		B808032D22A12660001E8EB1 /* Supported Files */ = {
			isa = PBXGroup;
			children = (
				5213353B20FF1B570064F2B3 /* Cells.swift */,
				B808033622A1404D001E8EB1 /* Constants.swift */,
				B8B39DBF22B3C14700B9074F /* profileCell.swift */,
			);
			path = "Supported Files";
			sourceTree = "<group>";
		};
		B824587F229BD436002210F7 /* Subcribe Scene */ = {
			isa = PBXGroup;
			children = (
				B824588D229BDD41002210F7 /* SubcribePresenter.swift */,
				B824588E229BDD41002210F7 /* SubcribeWorker.swift */,
				B824588F229BDD41002210F7 /* SubcribeRouter.swift */,
				B8245890229BDD41002210F7 /* SubcribeModels.swift */,
				B8245891229BDD41002210F7 /* SubcribeViewController.swift */,
				B8245892229BDD41002210F7 /* SubcribeInteractor.swift */,
			);
			path = "Subcribe Scene";
			sourceTree = "<group>";
		};
		B8245880229BD470002210F7 /* Paired Scene */ = {
			isa = PBXGroup;
			children = (
				B8245881229BDD27002210F7 /* PairedPresenter.swift */,
				B8245882229BDD27002210F7 /* PairedWorker.swift */,
				B8245883229BDD27002210F7 /* PairedRouter.swift */,
				B8245884229BDD27002210F7 /* PairedModels.swift */,
				B8245885229BDD27002210F7 /* PairedViewController.swift */,
				B8245886229BDD27002210F7 /* PairedInteractor.swift */,
			);
			path = "Paired Scene";
			sourceTree = "<group>";
		};
		B825EA01228D41F80081E305 /* ProfileScene */ = {
			isa = PBXGroup;
			children = (
				B825EA02228D4F850081E305 /* ProfilePresenter.swift */,
				B825EA03228D4F850081E305 /* ProfileWorker.swift */,
				B825EA04228D4F850081E305 /* ProfileRouter.swift */,
				B825EA05228D4F850081E305 /* ProfileModels.swift */,
				B825EA06228D4F850081E305 /* ProfileViewController.swift */,
				B825EA07228D4F850081E305 /* ProfileInteractor.swift */,
			);
			path = ProfileScene;
			sourceTree = "<group>";
		};
		B828828522926F4A0041DCDB /* TabBarResultScene */ = {
			isa = PBXGroup;
			children = (
				B828828622926F810041DCDB /* TabBarPresenter.swift */,
				B828828722926F810041DCDB /* TabBarWorker.swift */,
				B828828822926F810041DCDB /* TabBarRouter.swift */,
				B828828922926F810041DCDB /* TabBarModels.swift */,
				B828828A22926F810041DCDB /* TabBarViewController.swift */,
				B828828B22926F810041DCDB /* TabBarInteractor.swift */,
			);
			path = TabBarResultScene;
			sourceTree = "<group>";
		};
		B8551405228BF11A00D205DB /* Scenes */ = {
			isa = PBXGroup;
			children = (
				B8ADCB78228D2E33009143B4 /* LoginScene */,
				B825EA01228D41F80081E305 /* ProfileScene */,
				B8ADCB79228D373F009143B4 /* VerifyImeiScene */,
				B824587F229BD436002210F7 /* Subcribe Scene */,
				B828828522926F4A0041DCDB /* TabBarResultScene */,
				B8245880229BD470002210F7 /* Paired Scene */,
			);
			path = Scenes;
			sourceTree = "<group>";
		};
		B87D5AB2229530AC00FFD603 /* ViewControllers */ = {
			isa = PBXGroup;
			children = (
				5216200221142A3500BBBB7A /* MainTabbarController.swift */,
				528C815420FC874200FFDFDF /* DeviceStausViewController.swift */,
			);
			path = ViewControllers;
			sourceTree = "<group>";
		};
		B8ADCB78228D2E33009143B4 /* LoginScene */ = {
			isa = PBXGroup;
			children = (
				B8551418228C166600D205DB /* LoginInteractor.swift */,
				B8551417228C166600D205DB /* LoginViewController.swift */,
				B8551416228C166600D205DB /* LoginModels.swift */,
				B8551415228C166600D205DB /* LoginRouter.swift */,
				B8551414228C166600D205DB /* LoginWorker.swift */,
				B8551413228C166600D205DB /* LoginPresenter.swift */,
			);
			path = LoginScene;
			sourceTree = "<group>";
		};
		B8ADCB79228D373F009143B4 /* VerifyImeiScene */ = {
			isa = PBXGroup;
			children = (
				B8ADCB7A228D3799009143B4 /* VerifyImeiPresenter.swift */,
				B8ADCB7B228D3799009143B4 /* VerifyImeiWorker.swift */,
				B8ADCB7C228D3799009143B4 /* VerifyImeiRouter.swift */,
				B8ADCB7D228D3799009143B4 /* VerifyImeiModels.swift */,
				B8ADCB7E228D3799009143B4 /* VerifyImeiViewController.swift */,
				B8ADCB7F228D3799009143B4 /* VerifyImeiInteractor.swift */,
			);
			path = VerifyImeiScene;
			sourceTree = "<group>";
		};
		DB4D121607F2B0E59D37D1D4 /* Frameworks */ = {
			isa = PBXGroup;
			children = (
				941D31D4C15AD6DFC8722AEA /* Pods_DVS.framework */,
				378D0609EB2AEC1569DB9352 /* Pods_DVSTests.framework */,
				FB69E1CD9851F27CD4ED6F1E /* Pods_DVSUITests.framework */,
			);
			name = Frameworks;
			sourceTree = "<group>";
		};
/* End PBXGroup section */

/* Begin PBXNativeTarget section */
		52D0BEA720F47D3E00D288EB /* DVS */ = {
			isa = PBXNativeTarget;
			buildConfigurationList = 52D0BED020F47D4100D288EB /* Build configuration list for PBXNativeTarget "DVS" */;
			buildPhases = (
				1958B3FABA250D94E8EE5697 /* [CP] Check Pods Manifest.lock */,
				52D0BEA420F47D3E00D288EB /* Sources */,
				52D0BEA520F47D3E00D288EB /* Frameworks */,
				52D0BEA620F47D3E00D288EB /* Resources */,
				D899D10D0FEF614F24C95368 /* [CP] Embed Pods Frameworks */,
			);
			buildRules = (
			);
			dependencies = (
			);
			name = DVS;
			productName = DVS;
			productReference = 52D0BEA820F47D3E00D288EB /* DVS.app */;
			productType = "com.apple.product-type.application";
		};
		52D0BEBB20F47D4100D288EB /* DVSTests */ = {
			isa = PBXNativeTarget;
			buildConfigurationList = 52D0BED320F47D4100D288EB /* Build configuration list for PBXNativeTarget "DVSTests" */;
			buildPhases = (
				7178FD5905053769405898EA /* [CP] Check Pods Manifest.lock */,
				52D0BEB820F47D4100D288EB /* Sources */,
				52D0BEB920F47D4100D288EB /* Frameworks */,
				52D0BEBA20F47D4100D288EB /* Resources */,
			);
			buildRules = (
			);
			dependencies = (
				52D0BEBE20F47D4100D288EB /* PBXTargetDependency */,
			);
			name = DVSTests;
			productName = DVSTests;
			productReference = 52D0BEBC20F47D4100D288EB /* DVSTests.xctest */;
			productType = "com.apple.product-type.bundle.unit-test";
		};
		52D0BEC620F47D4100D288EB /* DVSUITests */ = {
			isa = PBXNativeTarget;
			buildConfigurationList = 52D0BED620F47D4100D288EB /* Build configuration list for PBXNativeTarget "DVSUITests" */;
			buildPhases = (
				B35B9E98AD1522BF1A7BA0E9 /* [CP] Check Pods Manifest.lock */,
				52D0BEC320F47D4100D288EB /* Sources */,
				52D0BEC420F47D4100D288EB /* Frameworks */,
				52D0BEC520F47D4100D288EB /* Resources */,
			);
			buildRules = (
			);
			dependencies = (
				52D0BEC920F47D4100D288EB /* PBXTargetDependency */,
			);
			name = DVSUITests;
			productName = DVSUITests;
			productReference = 52D0BEC720F47D4100D288EB /* DVSUITests.xctest */;
			productType = "com.apple.product-type.bundle.ui-testing";
		};
/* End PBXNativeTarget section */

/* Begin PBXProject section */
		52D0BEA020F47D3E00D288EB /* Project object */ = {
			isa = PBXProject;
			attributes = {
				LastSwiftUpdateCheck = 0940;
				LastUpgradeCheck = 0940;
				ORGANIZATIONNAME = qualcomm;
				TargetAttributes = {
					52D0BEA720F47D3E00D288EB = {
						CreatedOnToolsVersion = 9.4.1;
					};
					52D0BEBB20F47D4100D288EB = {
						CreatedOnToolsVersion = 9.4.1;
						TestTargetID = 52D0BEA720F47D3E00D288EB;
					};
					52D0BEC620F47D4100D288EB = {
						CreatedOnToolsVersion = 9.4.1;
						TestTargetID = 52D0BEA720F47D3E00D288EB;
					};
				};
			};
			buildConfigurationList = 52D0BEA320F47D3E00D288EB /* Build configuration list for PBXProject "DVS" */;
			compatibilityVersion = "Xcode 9.3";
			developmentRegion = en;
			hasScannedForEncodings = 0;
			knownRegions = (
				en,
				Base,
			);
			mainGroup = 52D0BE9F20F47D3E00D288EB;
			productRefGroup = 52D0BEA920F47D3E00D288EB /* Products */;
			projectDirPath = "";
			projectRoot = "";
			targets = (
				52D0BEA720F47D3E00D288EB /* DVS */,
				52D0BEBB20F47D4100D288EB /* DVSTests */,
				52D0BEC620F47D4100D288EB /* DVSUITests */,
			);
		};
/* End PBXProject section */

/* Begin PBXResourcesBuildPhase section */
		52D0BEA620F47D3E00D288EB /* Resources */ = {
			isa = PBXResourcesBuildPhase;
			buildActionMask = 2147483647;
			files = (
				B8D4C50A22E9ACA30083263E /* Localizable.strings in Resources */,
				52D0BEB620F47D4100D288EB /* LaunchScreen.storyboard in Resources */,
				52C7979821399B0A007E870E /* mobile-services.json in Resources */,
				52D0BEB320F47D4100D288EB /* Assets.xcassets in Resources */,
				52D0BEB120F47D3F00D288EB /* Main.storyboard in Resources */,
			);
			runOnlyForDeploymentPostprocessing = 0;
		};
		52D0BEBA20F47D4100D288EB /* Resources */ = {
			isa = PBXResourcesBuildPhase;
			buildActionMask = 2147483647;
			files = (
			);
			runOnlyForDeploymentPostprocessing = 0;
		};
		52D0BEC520F47D4100D288EB /* Resources */ = {
			isa = PBXResourcesBuildPhase;
			buildActionMask = 2147483647;
			files = (
			);
			runOnlyForDeploymentPostprocessing = 0;
		};
/* End PBXResourcesBuildPhase section */

/* Begin PBXShellScriptBuildPhase section */
		1958B3FABA250D94E8EE5697 /* [CP] Check Pods Manifest.lock */ = {
			isa = PBXShellScriptBuildPhase;
			buildActionMask = 2147483647;
			files = (
			);
			inputPaths = (
				"${PODS_PODFILE_DIR_PATH}/Podfile.lock",
				"${PODS_ROOT}/Manifest.lock",
			);
			name = "[CP] Check Pods Manifest.lock";
			outputPaths = (
				"$(DERIVED_FILE_DIR)/Pods-DVS-checkManifestLockResult.txt",
			);
			runOnlyForDeploymentPostprocessing = 0;
			shellPath = /bin/sh;
			shellScript = "diff \"${PODS_PODFILE_DIR_PATH}/Podfile.lock\" \"${PODS_ROOT}/Manifest.lock\" > /dev/null\nif [ $? != 0 ] ; then\n    # print error to STDERR\n    echo \"error: The sandbox is not in sync with the Podfile.lock. Run 'pod install' or update your CocoaPods installation.\" >&2\n    exit 1\nfi\n# This output is used by Xcode 'outputs' to avoid re-running this script phase.\necho \"SUCCESS\" > \"${SCRIPT_OUTPUT_FILE_0}\"\n";
			showEnvVarsInLog = 0;
		};
		7178FD5905053769405898EA /* [CP] Check Pods Manifest.lock */ = {
			isa = PBXShellScriptBuildPhase;
			buildActionMask = 2147483647;
			files = (
			);
			inputPaths = (
				"${PODS_PODFILE_DIR_PATH}/Podfile.lock",
				"${PODS_ROOT}/Manifest.lock",
			);
			name = "[CP] Check Pods Manifest.lock";
			outputPaths = (
				"$(DERIVED_FILE_DIR)/Pods-DVSTests-checkManifestLockResult.txt",
			);
			runOnlyForDeploymentPostprocessing = 0;
			shellPath = /bin/sh;
			shellScript = "diff \"${PODS_PODFILE_DIR_PATH}/Podfile.lock\" \"${PODS_ROOT}/Manifest.lock\" > /dev/null\nif [ $? != 0 ] ; then\n    # print error to STDERR\n    echo \"error: The sandbox is not in sync with the Podfile.lock. Run 'pod install' or update your CocoaPods installation.\" >&2\n    exit 1\nfi\n# This output is used by Xcode 'outputs' to avoid re-running this script phase.\necho \"SUCCESS\" > \"${SCRIPT_OUTPUT_FILE_0}\"\n";
			showEnvVarsInLog = 0;
		};
		B35B9E98AD1522BF1A7BA0E9 /* [CP] Check Pods Manifest.lock */ = {
			isa = PBXShellScriptBuildPhase;
			buildActionMask = 2147483647;
			files = (
			);
			inputPaths = (
				"${PODS_PODFILE_DIR_PATH}/Podfile.lock",
				"${PODS_ROOT}/Manifest.lock",
			);
			name = "[CP] Check Pods Manifest.lock";
			outputPaths = (
				"$(DERIVED_FILE_DIR)/Pods-DVSUITests-checkManifestLockResult.txt",
			);
			runOnlyForDeploymentPostprocessing = 0;
			shellPath = /bin/sh;
			shellScript = "diff \"${PODS_PODFILE_DIR_PATH}/Podfile.lock\" \"${PODS_ROOT}/Manifest.lock\" > /dev/null\nif [ $? != 0 ] ; then\n    # print error to STDERR\n    echo \"error: The sandbox is not in sync with the Podfile.lock. Run 'pod install' or update your CocoaPods installation.\" >&2\n    exit 1\nfi\n# This output is used by Xcode 'outputs' to avoid re-running this script phase.\necho \"SUCCESS\" > \"${SCRIPT_OUTPUT_FILE_0}\"\n";
			showEnvVarsInLog = 0;
		};
		D899D10D0FEF614F24C95368 /* [CP] Embed Pods Frameworks */ = {
			isa = PBXShellScriptBuildPhase;
			buildActionMask = 2147483647;
			files = (
			);
			inputFileListPaths = (
				"${PODS_ROOT}/Target Support Files/Pods-DVS/Pods-DVS-frameworks-${CONFIGURATION}-input-files.xcfilelist",
			);
			name = "[CP] Embed Pods Frameworks";
			outputFileListPaths = (
				"${PODS_ROOT}/Target Support Files/Pods-DVS/Pods-DVS-frameworks-${CONFIGURATION}-output-files.xcfilelist",
			);
			runOnlyForDeploymentPostprocessing = 0;
			shellPath = /bin/sh;
			shellScript = "\"${PODS_ROOT}/Target Support Files/Pods-DVS/Pods-DVS-frameworks.sh\"\n";
			showEnvVarsInLog = 0;
		};
/* End PBXShellScriptBuildPhase section */

/* Begin PBXSourcesBuildPhase section */
		52D0BEA420F47D3E00D288EB /* Sources */ = {
			isa = PBXSourcesBuildPhase;
			buildActionMask = 2147483647;
			files = (
				B828829022926F810041DCDB /* TabBarViewController.swift in Sources */,
				B8B39DC022B3C14700B9074F /* profileCell.swift in Sources */,
				B828828F22926F810041DCDB /* TabBarModels.swift in Sources */,
				B825EA0A228D4F850081E305 /* ProfileRouter.swift in Sources */,
				B825EA09228D4F850081E305 /* ProfileWorker.swift in Sources */,
				B825EA08228D4F850081E305 /* ProfilePresenter.swift in Sources */,
				B8ADCB81228D3799009143B4 /* VerifyImeiWorker.swift in Sources */,
				B8551419228C166600D205DB /* LoginPresenter.swift in Sources */,
				B8245887229BDD27002210F7 /* PairedPresenter.swift in Sources */,
				B855141A228C166600D205DB /* LoginWorker.swift in Sources */,
				B824588A229BDD27002210F7 /* PairedModels.swift in Sources */,
				5213353C20FF1B570064F2B3 /* Cells.swift in Sources */,
				B828828C22926F810041DCDB /* TabBarPresenter.swift in Sources */,
				B8245898229BDD41002210F7 /* SubcribeInteractor.swift in Sources */,
				B8245896229BDD41002210F7 /* SubcribeModels.swift in Sources */,
				B8ADCB85228D3799009143B4 /* VerifyImeiInteractor.swift in Sources */,
				B825EA0C228D4F850081E305 /* ProfileViewController.swift in Sources */,
				B8ADCB83228D3799009143B4 /* VerifyImeiModels.swift in Sources */,
				B8ADCB80228D3799009143B4 /* VerifyImeiPresenter.swift in Sources */,
				B825EA0B228D4F850081E305 /* ProfileModels.swift in Sources */,
				B8245897229BDD41002210F7 /* SubcribeViewController.swift in Sources */,
				B824588B229BDD27002210F7 /* PairedViewController.swift in Sources */,
				52D0BEAC20F47D3F00D288EB /* AppDelegate.swift in Sources */,
				B8245889229BDD27002210F7 /* PairedRouter.swift in Sources */,
				B855141E228C166600D205DB /* LoginInteractor.swift in Sources */,
				B808033722A1404D001E8EB1 /* Constants.swift in Sources */,
				B828828D22926F810041DCDB /* TabBarWorker.swift in Sources */,
				5216200321142A3500BBBB7A /* MainTabbarController.swift in Sources */,
				B828829122926F810041DCDB /* TabBarInteractor.swift in Sources */,
				B8245893229BDD41002210F7 /* SubcribePresenter.swift in Sources */,
				528C815520FC874200FFDFDF /* DeviceStausViewController.swift in Sources */,
				B824588C229BDD27002210F7 /* PairedInteractor.swift in Sources */,
				B8245888229BDD27002210F7 /* PairedWorker.swift in Sources */,
				B8245894229BDD41002210F7 /* SubcribeWorker.swift in Sources */,
				B855141B228C166600D205DB /* LoginRouter.swift in Sources */,
				B8245895229BDD41002210F7 /* SubcribeRouter.swift in Sources */,
				B828828E22926F810041DCDB /* TabBarRouter.swift in Sources */,
				B8ADCB82228D3799009143B4 /* VerifyImeiRouter.swift in Sources */,
				B8ADCB84228D3799009143B4 /* VerifyImeiViewController.swift in Sources */,
				B855141D228C166600D205DB /* LoginViewController.swift in Sources */,
				B825EA0D228D4F850081E305 /* ProfileInteractor.swift in Sources */,
				B855141C228C166600D205DB /* LoginModels.swift in Sources */,
			);
			runOnlyForDeploymentPostprocessing = 0;
		};
		52D0BEB820F47D4100D288EB /* Sources */ = {
			isa = PBXSourcesBuildPhase;
			buildActionMask = 2147483647;
			files = (
				B80AEE3722AF8DFF004DDC0C /* SubcribeTest.swift in Sources */,
				B80AEE3B22AF8ECA004DDC0C /* DeviceStatusTest.swift in Sources */,
				52D0BEC120F47D4100D288EB /* DVSTests.swift in Sources */,
				B80AEE3322AF8DCA004DDC0C /* ProfileTest.swift in Sources */,
				B80AEE3522AF8DE7004DDC0C /* VerifyImeiTest.swift in Sources */,
				B80AEE3922AF8E17004DDC0C /* PairedTest.swift in Sources */,
			);
			runOnlyForDeploymentPostprocessing = 0;
		};
		52D0BEC320F47D4100D288EB /* Sources */ = {
			isa = PBXSourcesBuildPhase;
			buildActionMask = 2147483647;
			files = (
				52D0BECC20F47D4100D288EB /* DVSUITests.swift in Sources */,
			);
			runOnlyForDeploymentPostprocessing = 0;
		};
/* End PBXSourcesBuildPhase section */

/* Begin PBXTargetDependency section */
		52D0BEBE20F47D4100D288EB /* PBXTargetDependency */ = {
			isa = PBXTargetDependency;
			target = 52D0BEA720F47D3E00D288EB /* DVS */;
			targetProxy = 52D0BEBD20F47D4100D288EB /* PBXContainerItemProxy */;
		};
		52D0BEC920F47D4100D288EB /* PBXTargetDependency */ = {
			isa = PBXTargetDependency;
			target = 52D0BEA720F47D3E00D288EB /* DVS */;
			targetProxy = 52D0BEC820F47D4100D288EB /* PBXContainerItemProxy */;
		};
/* End PBXTargetDependency section */

/* Begin PBXVariantGroup section */
		52D0BEAF20F47D3F00D288EB /* Main.storyboard */ = {
			isa = PBXVariantGroup;
			children = (
				B8F6C70B22B0DBCE00AE5538 /* Base */,
				B8D4C50622E9AC520083263E /* en */,
			);
			name = Main.storyboard;
			sourceTree = "<group>";
		};
		52D0BEB420F47D4100D288EB /* LaunchScreen.storyboard */ = {
			isa = PBXVariantGroup;
			children = (
				B8F6C70C22B0DBCE00AE5538 /* Base */,
				B8D4C50722E9AC520083263E /* en */,
			);
			name = LaunchScreen.storyboard;
			sourceTree = "<group>";
		};
		B8D4C50C22E9ACA30083263E /* Localizable.strings */ = {
			isa = PBXVariantGroup;
			children = (
				B8D4C50B22E9ACA30083263E /* en */,
			);
			name = Localizable.strings;
			sourceTree = "<group>";
		};
/* End PBXVariantGroup section */

/* Begin XCBuildConfiguration section */
		52D0BECE20F47D4100D288EB /* Debug */ = {
			isa = XCBuildConfiguration;
			buildSettings = {
				ALWAYS_SEARCH_USER_PATHS = NO;
				CLANG_ANALYZER_LOCALIZABILITY_NONLOCALIZED = YES;
				CLANG_ANALYZER_NONNULL = YES;
				CLANG_ANALYZER_NUMBER_OBJECT_CONVERSION = YES_AGGRESSIVE;
				CLANG_CXX_LANGUAGE_STANDARD = "gnu++14";
				CLANG_CXX_LIBRARY = "libc++";
				CLANG_ENABLE_MODULES = YES;
				CLANG_ENABLE_OBJC_ARC = YES;
				CLANG_ENABLE_OBJC_WEAK = YES;
				CLANG_WARN_BLOCK_CAPTURE_AUTORELEASING = YES;
				CLANG_WARN_BOOL_CONVERSION = YES;
				CLANG_WARN_COMMA = YES;
				CLANG_WARN_CONSTANT_CONVERSION = YES;
				CLANG_WARN_DEPRECATED_OBJC_IMPLEMENTATIONS = YES;
				CLANG_WARN_DIRECT_OBJC_ISA_USAGE = YES_ERROR;
				CLANG_WARN_DOCUMENTATION_COMMENTS = YES;
				CLANG_WARN_EMPTY_BODY = YES;
				CLANG_WARN_ENUM_CONVERSION = YES;
				CLANG_WARN_INFINITE_RECURSION = YES;
				CLANG_WARN_INT_CONVERSION = YES;
				CLANG_WARN_NON_LITERAL_NULL_CONVERSION = YES;
				CLANG_WARN_OBJC_IMPLICIT_RETAIN_SELF = YES;
				CLANG_WARN_OBJC_LITERAL_CONVERSION = YES;
				CLANG_WARN_OBJC_ROOT_CLASS = YES_ERROR;
				CLANG_WARN_RANGE_LOOP_ANALYSIS = YES;
				CLANG_WARN_STRICT_PROTOTYPES = YES;
				CLANG_WARN_SUSPICIOUS_MOVE = YES;
				CLANG_WARN_UNGUARDED_AVAILABILITY = YES_AGGRESSIVE;
				CLANG_WARN_UNREACHABLE_CODE = YES;
				CLANG_WARN__DUPLICATE_METHOD_MATCH = YES;
				CODE_SIGN_IDENTITY = "iPhone Developer";
				COPY_PHASE_STRIP = NO;
				DEBUG_INFORMATION_FORMAT = dwarf;
				ENABLE_STRICT_OBJC_MSGSEND = YES;
				ENABLE_TESTABILITY = YES;
				GCC_C_LANGUAGE_STANDARD = gnu11;
				GCC_DYNAMIC_NO_PIC = NO;
				GCC_NO_COMMON_BLOCKS = YES;
				GCC_OPTIMIZATION_LEVEL = 0;
				GCC_PREPROCESSOR_DEFINITIONS = (
					"DEBUG=1",
					"$(inherited)",
				);
				GCC_WARN_64_TO_32_BIT_CONVERSION = YES;
				GCC_WARN_ABOUT_RETURN_TYPE = YES_ERROR;
				GCC_WARN_UNDECLARED_SELECTOR = YES;
				GCC_WARN_UNINITIALIZED_AUTOS = YES_AGGRESSIVE;
				GCC_WARN_UNUSED_FUNCTION = YES;
				GCC_WARN_UNUSED_VARIABLE = YES;
				IPHONEOS_DEPLOYMENT_TARGET = 12.1;
				MTL_ENABLE_DEBUG_INFO = YES;
				ONLY_ACTIVE_ARCH = YES;
				SDKROOT = iphoneos;
				SWIFT_ACTIVE_COMPILATION_CONDITIONS = DEBUG;
				SWIFT_OPTIMIZATION_LEVEL = "-Onone";
			};
			name = Debug;
		};
		52D0BECF20F47D4100D288EB /* Release */ = {
			isa = XCBuildConfiguration;
			buildSettings = {
				ALWAYS_SEARCH_USER_PATHS = NO;
				CLANG_ANALYZER_LOCALIZABILITY_NONLOCALIZED = YES;
				CLANG_ANALYZER_NONNULL = YES;
				CLANG_ANALYZER_NUMBER_OBJECT_CONVERSION = YES_AGGRESSIVE;
				CLANG_CXX_LANGUAGE_STANDARD = "gnu++14";
				CLANG_CXX_LIBRARY = "libc++";
				CLANG_ENABLE_MODULES = YES;
				CLANG_ENABLE_OBJC_ARC = YES;
				CLANG_ENABLE_OBJC_WEAK = YES;
				CLANG_WARN_BLOCK_CAPTURE_AUTORELEASING = YES;
				CLANG_WARN_BOOL_CONVERSION = YES;
				CLANG_WARN_COMMA = YES;
				CLANG_WARN_CONSTANT_CONVERSION = YES;
				CLANG_WARN_DEPRECATED_OBJC_IMPLEMENTATIONS = YES;
				CLANG_WARN_DIRECT_OBJC_ISA_USAGE = YES_ERROR;
				CLANG_WARN_DOCUMENTATION_COMMENTS = YES;
				CLANG_WARN_EMPTY_BODY = YES;
				CLANG_WARN_ENUM_CONVERSION = YES;
				CLANG_WARN_INFINITE_RECURSION = YES;
				CLANG_WARN_INT_CONVERSION = YES;
				CLANG_WARN_NON_LITERAL_NULL_CONVERSION = YES;
				CLANG_WARN_OBJC_IMPLICIT_RETAIN_SELF = YES;
				CLANG_WARN_OBJC_LITERAL_CONVERSION = YES;
				CLANG_WARN_OBJC_ROOT_CLASS = YES_ERROR;
				CLANG_WARN_RANGE_LOOP_ANALYSIS = YES;
				CLANG_WARN_STRICT_PROTOTYPES = YES;
				CLANG_WARN_SUSPICIOUS_MOVE = YES;
				CLANG_WARN_UNGUARDED_AVAILABILITY = YES_AGGRESSIVE;
				CLANG_WARN_UNREACHABLE_CODE = YES;
				CLANG_WARN__DUPLICATE_METHOD_MATCH = YES;
				CODE_SIGN_IDENTITY = "iPhone Developer";
				COPY_PHASE_STRIP = NO;
				DEBUG_INFORMATION_FORMAT = "dwarf-with-dsym";
				ENABLE_NS_ASSERTIONS = NO;
				ENABLE_STRICT_OBJC_MSGSEND = YES;
				GCC_C_LANGUAGE_STANDARD = gnu11;
				GCC_NO_COMMON_BLOCKS = YES;
				GCC_WARN_64_TO_32_BIT_CONVERSION = YES;
				GCC_WARN_ABOUT_RETURN_TYPE = YES_ERROR;
				GCC_WARN_UNDECLARED_SELECTOR = YES;
				GCC_WARN_UNINITIALIZED_AUTOS = YES_AGGRESSIVE;
				GCC_WARN_UNUSED_FUNCTION = YES;
				GCC_WARN_UNUSED_VARIABLE = YES;
				IPHONEOS_DEPLOYMENT_TARGET = 12.1;
				MTL_ENABLE_DEBUG_INFO = NO;
				SDKROOT = iphoneos;
				SWIFT_COMPILATION_MODE = wholemodule;
				SWIFT_OPTIMIZATION_LEVEL = "-O";
				VALIDATE_PRODUCT = YES;
			};
			name = Release;
		};
		52D0BED120F47D4100D288EB /* Debug */ = {
			isa = XCBuildConfiguration;
			baseConfigurationReference = FB71E2F2FD5A2D95915FE24B /* Pods-DVS.debug.xcconfig */;
			buildSettings = {
				ASSETCATALOG_COMPILER_APPICON_NAME = AppIcon;
				CODE_SIGN_IDENTITY = "iPhone Developer";
				CODE_SIGN_STYLE = Automatic;
				DEVELOPMENT_TEAM = 99W5M4653Y;
				INFOPLIST_FILE = DVS/Info.plist;
				IPHONEOS_DEPLOYMENT_TARGET = 9.1;
				LD_RUNPATH_SEARCH_PATHS = (
					"$(inherited)",
					"@executable_path/Frameworks",
				);
				PRODUCT_BUNDLE_IDENTIFIER = com.qualcomm.auth.entity.dvs;
				PRODUCT_NAME = "$(TARGET_NAME)";
				PROVISIONING_PROFILE_SPECIFIER = "";
				SWIFT_VERSION = 4.0;
				TARGETED_DEVICE_FAMILY = 1;
			};
			name = Debug;
		};
		52D0BED220F47D4100D288EB /* Release */ = {
			isa = XCBuildConfiguration;
			baseConfigurationReference = BF7004A80F2CED1B6653F613 /* Pods-DVS.release.xcconfig */;
			buildSettings = {
				ASSETCATALOG_COMPILER_APPICON_NAME = AppIcon;
				CODE_SIGN_IDENTITY = "iPhone Developer";
				CODE_SIGN_STYLE = Automatic;
				DEVELOPMENT_TEAM = 99W5M4653Y;
				INFOPLIST_FILE = DVS/Info.plist;
				IPHONEOS_DEPLOYMENT_TARGET = 9.1;
				LD_RUNPATH_SEARCH_PATHS = (
					"$(inherited)",
					"@executable_path/Frameworks",
				);
				PRODUCT_BUNDLE_IDENTIFIER = com.qualcomm.auth.entity.dvs;
				PRODUCT_NAME = "$(TARGET_NAME)";
				PROVISIONING_PROFILE_SPECIFIER = "";
				SWIFT_OPTIMIZATION_LEVEL = "-Osize";
				SWIFT_VERSION = 4.0;
				TARGETED_DEVICE_FAMILY = 1;
			};
			name = Release;
		};
		52D0BED420F47D4100D288EB /* Debug */ = {
			isa = XCBuildConfiguration;
			baseConfigurationReference = 909415C46010CE006E47E627 /* Pods-DVSTests.debug.xcconfig */;
			buildSettings = {
				ALWAYS_EMBED_SWIFT_STANDARD_LIBRARIES = YES;
				BUNDLE_LOADER = "$(TEST_HOST)";
				CODE_SIGN_STYLE = Automatic;
				INFOPLIST_FILE = DVSTests/Info.plist;
				LD_RUNPATH_SEARCH_PATHS = (
					"$(inherited)",
					"@executable_path/Frameworks",
					"@loader_path/Frameworks",
				);
				PRODUCT_BUNDLE_IDENTIFIER = com.qualcomm.public.DVSTests;
				PRODUCT_NAME = "$(TARGET_NAME)";
				SWIFT_VERSION = 4.0;
				TARGETED_DEVICE_FAMILY = "1,2";
				TEST_HOST = "$(BUILT_PRODUCTS_DIR)/DVS.app/DVS";
			};
			name = Debug;
		};
		52D0BED520F47D4100D288EB /* Release */ = {
			isa = XCBuildConfiguration;
			baseConfigurationReference = 8029F9BDAACFB88423E24543 /* Pods-DVSTests.release.xcconfig */;
			buildSettings = {
				ALWAYS_EMBED_SWIFT_STANDARD_LIBRARIES = YES;
				BUNDLE_LOADER = "$(TEST_HOST)";
				CODE_SIGN_STYLE = Automatic;
				INFOPLIST_FILE = DVSTests/Info.plist;
				LD_RUNPATH_SEARCH_PATHS = (
					"$(inherited)",
					"@executable_path/Frameworks",
					"@loader_path/Frameworks",
				);
				PRODUCT_BUNDLE_IDENTIFIER = com.qualcomm.public.DVSTests;
				PRODUCT_NAME = "$(TARGET_NAME)";
				SWIFT_VERSION = 4.0;
				TARGETED_DEVICE_FAMILY = "1,2";
				TEST_HOST = "$(BUILT_PRODUCTS_DIR)/DVS.app/DVS";
			};
			name = Release;
		};
		52D0BED720F47D4100D288EB /* Debug */ = {
			isa = XCBuildConfiguration;
			baseConfigurationReference = 478E2D42889D6D83D9FAF74D /* Pods-DVSUITests.debug.xcconfig */;
			buildSettings = {
				ALWAYS_EMBED_SWIFT_STANDARD_LIBRARIES = YES;
				CODE_SIGN_STYLE = Automatic;
				INFOPLIST_FILE = DVSUITests/Info.plist;
				LD_RUNPATH_SEARCH_PATHS = (
					"$(inherited)",
					"@executable_path/Frameworks",
					"@loader_path/Frameworks",
				);
				PRODUCT_BUNDLE_IDENTIFIER = com.qualcomm.public.DVSUITests;
				PRODUCT_NAME = "$(TARGET_NAME)";
				SWIFT_VERSION = 4.0;
				TARGETED_DEVICE_FAMILY = "1,2";
				TEST_TARGET_NAME = DVS;
			};
			name = Debug;
		};
		52D0BED820F47D4100D288EB /* Release */ = {
			isa = XCBuildConfiguration;
			baseConfigurationReference = 0A0D186A79C06206915A86DC /* Pods-DVSUITests.release.xcconfig */;
			buildSettings = {
				ALWAYS_EMBED_SWIFT_STANDARD_LIBRARIES = YES;
				CODE_SIGN_STYLE = Automatic;
				INFOPLIST_FILE = DVSUITests/Info.plist;
				LD_RUNPATH_SEARCH_PATHS = (
					"$(inherited)",
					"@executable_path/Frameworks",
					"@loader_path/Frameworks",
				);
				PRODUCT_BUNDLE_IDENTIFIER = com.qualcomm.public.DVSUITests;
				PRODUCT_NAME = "$(TARGET_NAME)";
				SWIFT_VERSION = 4.0;
				TARGETED_DEVICE_FAMILY = "1,2";
				TEST_TARGET_NAME = DVS;
			};
			name = Release;
		};
/* End XCBuildConfiguration section */

/* Begin XCConfigurationList section */
		52D0BEA320F47D3E00D288EB /* Build configuration list for PBXProject "DVS" */ = {
			isa = XCConfigurationList;
			buildConfigurations = (
				52D0BECE20F47D4100D288EB /* Debug */,
				52D0BECF20F47D4100D288EB /* Release */,
			);
			defaultConfigurationIsVisible = 0;
			defaultConfigurationName = Release;
		};
		52D0BED020F47D4100D288EB /* Build configuration list for PBXNativeTarget "DVS" */ = {
			isa = XCConfigurationList;
			buildConfigurations = (
				52D0BED120F47D4100D288EB /* Debug */,
				52D0BED220F47D4100D288EB /* Release */,
			);
			defaultConfigurationIsVisible = 0;
			defaultConfigurationName = Release;
		};
		52D0BED320F47D4100D288EB /* Build configuration list for PBXNativeTarget "DVSTests" */ = {
			isa = XCConfigurationList;
			buildConfigurations = (
				52D0BED420F47D4100D288EB /* Debug */,
				52D0BED520F47D4100D288EB /* Release */,
			);
			defaultConfigurationIsVisible = 0;
			defaultConfigurationName = Release;
		};
		52D0BED620F47D4100D288EB /* Build configuration list for PBXNativeTarget "DVSUITests" */ = {
			isa = XCConfigurationList;
			buildConfigurations = (
				52D0BED720F47D4100D288EB /* Debug */,
				52D0BED820F47D4100D288EB /* Release */,
			);
			defaultConfigurationIsVisible = 0;
			defaultConfigurationName = Release;
		};
/* End XCConfigurationList section */
	};
	rootObject = 52D0BEA020F47D3E00D288EB /* Project object */;
}
